
Microsoft Visual Studio Solution File, Format Version 12.00
# Visual Studio 15
VisualStudioVersion = 15.0.28307.572
MinimumVisualStudioVersion = 10.0.40219.1
Project("{8BC9CEB8-8B4A-11D0-8D11-00A0C91BC942}") = "student_", "student_\student_.vcxproj", "{97D17CEA-834F-412D-929A-106F5C0075DF}"
EndProject
Global
	GlobalSection(SolutionConfigurationPlatforms) = preSolution
		Debug|x64 = Debug|x64
		Debug|x86 = Debug|x86
		Release|x64 = Release|x64
		Release|x86 = Release|x86
	EndGlobalSection
	GlobalSection(ProjectConfigurationPlatforms) = postSolution
		{97D17CEA-834F-412D-929A-106F5C0075DF}.Debug|x64.ActiveCfg = Debug|x64
		{97D17CEA-834F-412D-929A-106F5C0075DF}.Debug|x64.Build.0 = Debug|x64
		{97D17CEA-834F-412D-929A-106F5C0075DF}.Debug|x86.ActiveCfg = Debug|Win32
		{97D17CEA-834F-412D-929A-106F5C0075DF}.Debug|x86.Build.0 = Debug|Win32
		{97D17CEA-834F-412D-929A-106F5C0075DF}.Release|x64.ActiveCfg = Release|x64
		{97D17CEA-834F-412D-929A-106F5C0075DF}.Release|x64.Build.0 = Release|x64
		{97D17CEA-834F-412D-929A-106F5C0075DF}.Release|x86.ActiveCfg = Release|Win32
		{97D17CEA-834F-412D-929A-106F5C0075DF}.Release|x86.Build.0 = Release|Win32
	EndGlobalSection
	GlobalSection(SolutionProperties) = preSolution
		HideSolutionNode = FALSE
	EndGlobalSection
	GlobalSection(ExtensibilityGlobals) = postSolution
		SolutionGuid = {4DB7502C-D332-440C-831C-4F9B8AD78FEE}
	EndGlobalSection
EndGlobal
